
Microsoft Visual Studio Solution File, Format Version 12.00
# Visual Studio 15
VisualStudioVersion = 15.0.27004.2010
MinimumVisualStudioVersion = 10.0.40219.1
Project("{FAE04EC0-301F-11D3-BF4B-00C04F79EFBC}") = "Web", "Web\Web.csproj", "{80035245-E315-489B-8495-5740E55F41CF}"
	ProjectSection(ProjectDependencies) = postProject
		{BAF3270D-62F9-4F7F-B94E-A7CD21B4CDBB} = {BAF3270D-62F9-4F7F-B94E-A7CD21B4CDBB}
		{A46FC12E-AC99-4A63-B826-716F1252061E} = {A46FC12E-AC99-4A63-B826-716F1252061E}
		{48D234CD-9F04-4D8B-A6CD-3513ABAE255A} = {48D234CD-9F04-4D8B-A6CD-3513ABAE255A}
	EndProjectSection
EndProject
Project("{2150E333-8FDC-42A3-9474-1A3956D46DE8}") = "Api", "Api", "{219FF553-E4DC-4346-8FBA-E68D2EA71DFE}"
EndProject
Project("{2150E333-8FDC-42A3-9474-1A3956D46DE8}") = "Common", "Common", "{CC5E02C6-0729-4DD6-8F54-F3E5C9CAE989}"
EndProject
Project("{FAE04EC0-301F-11D3-BF4B-00C04F79EFBC}") = "BloodSearch.Models.Api", "..\Common\BloodSearch.Models.Api\BloodSearch.Models.Api.csproj", "{A46FC12E-AC99-4A63-B826-716F1252061E}"
	ProjectSection(ProjectDependencies) = postProject
		{BAF3270D-62F9-4F7F-B94E-A7CD21B4CDBB} = {BAF3270D-62F9-4F7F-B94E-A7CD21B4CDBB}
		{48D234CD-9F04-4D8B-A6CD-3513ABAE255A} = {48D234CD-9F04-4D8B-A6CD-3513ABAE255A}
	EndProjectSection
EndProject
Project("{FAE04EC0-301F-11D3-BF4B-00C04F79EFBC}") = "BloodSearch.Core", "..\Common\BloodSearch.Core\BloodSearch.Core.csproj", "{BAF3270D-62F9-4F7F-B94E-A7CD21B4CDBB}"
	ProjectSection(ProjectDependencies) = postProject
		{48D234CD-9F04-4D8B-A6CD-3513ABAE255A} = {48D234CD-9F04-4D8B-A6CD-3513ABAE255A}
	EndProjectSection
EndProject
Project("{FAE04EC0-301F-11D3-BF4B-00C04F79EFBC}") = "BloodSearch.Filter", "..\Common\BloodSearch.Filter\BloodSearch.Filter.csproj", "{48D234CD-9F04-4D8B-A6CD-3513ABAE255A}"
EndProject
Global
	GlobalSection(SolutionConfigurationPlatforms) = preSolution
		Debug|Any CPU = Debug|Any CPU
		Release|Any CPU = Release|Any CPU
	EndGlobalSection
	GlobalSection(ProjectConfigurationPlatforms) = postSolution
		{80035245-E315-489B-8495-5740E55F41CF}.Debug|Any CPU.ActiveCfg = Debug|Any CPU
		{80035245-E315-489B-8495-5740E55F41CF}.Debug|Any CPU.Build.0 = Debug|Any CPU
		{80035245-E315-489B-8495-5740E55F41CF}.Release|Any CPU.ActiveCfg = Release|Any CPU
		{80035245-E315-489B-8495-5740E55F41CF}.Release|Any CPU.Build.0 = Release|Any CPU
		{A46FC12E-AC99-4A63-B826-716F1252061E}.Debug|Any CPU.ActiveCfg = Debug|Any CPU
		{A46FC12E-AC99-4A63-B826-716F1252061E}.Debug|Any CPU.Build.0 = Debug|Any CPU
		{A46FC12E-AC99-4A63-B826-716F1252061E}.Release|Any CPU.ActiveCfg = Release|Any CPU
		{A46FC12E-AC99-4A63-B826-716F1252061E}.Release|Any CPU.Build.0 = Release|Any CPU
		{BAF3270D-62F9-4F7F-B94E-A7CD21B4CDBB}.Debug|Any CPU.ActiveCfg = Debug|Any CPU
		{BAF3270D-62F9-4F7F-B94E-A7CD21B4CDBB}.Debug|Any CPU.Build.0 = Debug|Any CPU
		{BAF3270D-62F9-4F7F-B94E-A7CD21B4CDBB}.Release|Any CPU.ActiveCfg = Release|Any CPU
		{BAF3270D-62F9-4F7F-B94E-A7CD21B4CDBB}.Release|Any CPU.Build.0 = Release|Any CPU
		{48D234CD-9F04-4D8B-A6CD-3513ABAE255A}.Debug|Any CPU.ActiveCfg = Debug|Any CPU
		{48D234CD-9F04-4D8B-A6CD-3513ABAE255A}.Debug|Any CPU.Build.0 = Debug|Any CPU
		{48D234CD-9F04-4D8B-A6CD-3513ABAE255A}.Release|Any CPU.ActiveCfg = Release|Any CPU
		{48D234CD-9F04-4D8B-A6CD-3513ABAE255A}.Release|Any CPU.Build.0 = Release|Any CPU
	EndGlobalSection
	GlobalSection(SolutionProperties) = preSolution
		HideSolutionNode = FALSE
	EndGlobalSection
	GlobalSection(NestedProjects) = preSolution
		{A46FC12E-AC99-4A63-B826-716F1252061E} = {219FF553-E4DC-4346-8FBA-E68D2EA71DFE}
		{BAF3270D-62F9-4F7F-B94E-A7CD21B4CDBB} = {CC5E02C6-0729-4DD6-8F54-F3E5C9CAE989}
		{48D234CD-9F04-4D8B-A6CD-3513ABAE255A} = {CC5E02C6-0729-4DD6-8F54-F3E5C9CAE989}
	EndGlobalSection
	GlobalSection(ExtensibilityGlobals) = postSolution
		SolutionGuid = {F1BAEA4B-6D45-42CF-AD67-ECB15B86E7DF}
	EndGlobalSection
EndGlobal
